
Microsoft Visual Studio Solution File, Format Version 12.00
# Visual Studio Version 16
VisualStudioVersion = 16.0.31613.86
MinimumVisualStudioVersion = 10.0.40219.1
Project("{2150E333-8FDC-42A3-9474-1A3956D46DE8}") = "Solution Items", "Solution Items", "{FAC24469-F178-48D8-8914-D90B386BD226}"
	ProjectSection(SolutionItems) = preProject
		.editorconfig = .editorconfig
		Concurrent.Collections.README.md = Concurrent.Collections.README.md
		Documents.Cache.README.md = Documents.Cache.README.md
		Documents.Collections.IO.README.md = Documents.Collections.IO.README.md
		Documents.Collections.README.md = Documents.Collections.README.md
		Documents.IO.README.md = Documents.IO.README.md
		Documents.README.md = Documents.README.md
		Documents.Repository.README.md = Documents.Repository.README.md
		Graph.CodeMap.dgml = Graph.CodeMap.dgml
		Graphs.Elements.README.md = Graphs.Elements.README.md
		Graphs.READMME.md = Graphs.READMME.md
		..\README.md = ..\README.md
	EndProjectSection
EndProject
Project("{2150E333-8FDC-42A3-9474-1A3956D46DE8}") = "src", "src", "{88364EE2-0105-4F27-9BA7-E859AB8DB9AA}"
EndProject
Project("{9A19103F-16F7-4668-BE54-9A1E7A4F7556}") = "JsonExperiments", "JsonExperiments\JsonExperiments.csproj", "{1B1E4929-1908-4923-82AF-2FC1A8CC25F8}"
EndProject
Project("{9A19103F-16F7-4668-BE54-9A1E7A4F7556}") = "Graphs", "Graph\Graphs.csproj", "{3D782BC1-27B2-4068-B4D4-1D2571923500}"
EndProject
Project("{9A19103F-16F7-4668-BE54-9A1E7A4F7556}") = "Graphs.Tests", "Graph.Tests\Graphs.Tests.csproj", "{9C1816BE-BFC4-4F09-B574-895AAFA45113}"
EndProject
Project("{9A19103F-16F7-4668-BE54-9A1E7A4F7556}") = "Documents", "Documents\Documents.csproj", "{A6B2FC93-7FBE-4702-BD12-84BD22BAE4B8}"
EndProject
Project("{9A19103F-16F7-4668-BE54-9A1E7A4F7556}") = "Documents.Cache", "Documents.Cache\Documents.Cache.csproj", "{88CBDBD3-245F-470D-B42D-2CA31DF533EC}"
EndProject
Project("{9A19103F-16F7-4668-BE54-9A1E7A4F7556}") = "Documents.IO", "Documents.IO\Documents.IO.csproj", "{20A4A0CC-26D2-4BC8-AA5D-103A0FAC4C40}"
EndProject
Project("{9A19103F-16F7-4668-BE54-9A1E7A4F7556}") = "Documents.Tests", "Documents.Tests\Documents.Tests.csproj", "{2AD3C5A6-2FC3-4750-8EEB-21B5CB97B650}"
EndProject
Project("{9A19103F-16F7-4668-BE54-9A1E7A4F7556}") = "Documents.Collections.IO.Tests", "Documents.Collections.IO.Tests\Documents.Collections.IO.Tests.csproj", "{B1327941-A68C-4206-89E0-FA3F71BD56F4}"
EndProject
Project("{9A19103F-16F7-4668-BE54-9A1E7A4F7556}") = "Collections.Concurrent", "Collections.Concurrent\Collections.Concurrent.csproj", "{64685A1D-D421-47F8-B4BA-6ED82DAB2368}"
EndProject
Project("{9A19103F-16F7-4668-BE54-9A1E7A4F7556}") = "Collections.Concurrent.Tests", "Collections.Concurrent.Tests\Collections.Concurrent.Tests.csproj", "{2BC8AD7C-B6A7-40A4-97AB-F7DB6F74C88F}"
EndProject
Project("{9A19103F-16F7-4668-BE54-9A1E7A4F7556}") = "Documents.Cache.Tests", "Documents.Cache.Tests\Documents.Cache.Tests.csproj", "{AC25BB0E-D01B-4456-B456-A185AB3FCCA5}"
EndProject
Project("{9A19103F-16F7-4668-BE54-9A1E7A4F7556}") = "TPLExperiments", "TPLExperiments\TPLExperiments.csproj", "{7694F3BB-19DD-4DC5-8852-2AEF027D374C}"
EndProject
Project("{9A19103F-16F7-4668-BE54-9A1E7A4F7556}") = "Documents.Collections.IO", "Documents.Collections.IO\Documents.Collections.IO.csproj", "{443E3D97-A70B-455F-A0E0-E4AD7EFD4BB4}"
EndProject
Project("{9A19103F-16F7-4668-BE54-9A1E7A4F7556}") = "Documents.IO.Tests", "Documents.IO.Tests\Documents.IO.Tests.csproj", "{955D7C1E-6C80-4162-921A-F69757CA2431}"
EndProject
Project("{9A19103F-16F7-4668-BE54-9A1E7A4F7556}") = "Graphs.Traversals", "Graphs.Traversals\Graphs.Traversals.csproj", "{C24A8213-1614-47A5-9494-F224C256AC31}"
EndProject
Project("{FAE04EC0-301F-11D3-BF4B-00C04F79EFBC}") = "Graphs.Traversals.Tests", "Graphs.Traversals.Tests\Graphs.Traversals.Tests.csproj", "{F58A9F08-7BF4-41F8-817E-66284B2252D9}"
EndProject
Project("{2150E333-8FDC-42A3-9474-1A3956D46DE8}") = "tests", "tests", "{52C42F4B-7BEE-449F-B0D7-CAD7E6D2562D}"
EndProject
Project("{2150E333-8FDC-42A3-9474-1A3956D46DE8}") = "Documents", "Documents", "{2C954826-1EE8-48C1-9BF9-0FD66D200E61}"
EndProject
Project("{2150E333-8FDC-42A3-9474-1A3956D46DE8}") = "Documents", "Documents", "{C107A507-2A99-4563-B49D-F4C336493C95}"
EndProject
Project("{2150E333-8FDC-42A3-9474-1A3956D46DE8}") = "Graphs", "Graphs", "{CDFFD846-3C7D-4AC9-B5F4-5A4580D66540}"
EndProject
Project("{2150E333-8FDC-42A3-9474-1A3956D46DE8}") = "Graphs", "Graphs", "{A3A8C7B0-DC35-49B3-A453-32B4C1D6BE10}"
EndProject
Project("{9A19103F-16F7-4668-BE54-9A1E7A4F7556}") = "Graphs.IO", "Graphs.IO\Graphs.IO.csproj", "{8D26AD97-67ED-4600-8035-C6983DA05008}"
EndProject
Project("{9A19103F-16F7-4668-BE54-9A1E7A4F7556}") = "Graphs.IO.Tests", "Graphs.IO.Tests\Graphs.IO.Tests.csproj", "{A2B8B5D1-198E-4BB7-A768-FE4AD374712E}"
EndProject
Project("{2150E333-8FDC-42A3-9474-1A3956D46DE8}") = "Events", "Events", "{EC4CCD07-7503-432B-AF00-95ABCE5C9062}"
EndProject
Global
	GlobalSection(SolutionConfigurationPlatforms) = preSolution
		Debug|Any CPU = Debug|Any CPU
		Release|Any CPU = Release|Any CPU
	EndGlobalSection
	GlobalSection(ProjectConfigurationPlatforms) = postSolution
		{1B1E4929-1908-4923-82AF-2FC1A8CC25F8}.Debug|Any CPU.ActiveCfg = Debug|Any CPU
		{1B1E4929-1908-4923-82AF-2FC1A8CC25F8}.Debug|Any CPU.Build.0 = Debug|Any CPU
		{1B1E4929-1908-4923-82AF-2FC1A8CC25F8}.Release|Any CPU.ActiveCfg = Release|Any CPU
		{1B1E4929-1908-4923-82AF-2FC1A8CC25F8}.Release|Any CPU.Build.0 = Release|Any CPU
		{3D782BC1-27B2-4068-B4D4-1D2571923500}.Debug|Any CPU.ActiveCfg = Debug|Any CPU
		{3D782BC1-27B2-4068-B4D4-1D2571923500}.Debug|Any CPU.Build.0 = Debug|Any CPU
		{3D782BC1-27B2-4068-B4D4-1D2571923500}.Release|Any CPU.ActiveCfg = Release|Any CPU
		{3D782BC1-27B2-4068-B4D4-1D2571923500}.Release|Any CPU.Build.0 = Release|Any CPU
		{9C1816BE-BFC4-4F09-B574-895AAFA45113}.Debug|Any CPU.ActiveCfg = Debug|Any CPU
		{9C1816BE-BFC4-4F09-B574-895AAFA45113}.Debug|Any CPU.Build.0 = Debug|Any CPU
		{9C1816BE-BFC4-4F09-B574-895AAFA45113}.Release|Any CPU.ActiveCfg = Release|Any CPU
		{9C1816BE-BFC4-4F09-B574-895AAFA45113}.Release|Any CPU.Build.0 = Release|Any CPU
		{A6B2FC93-7FBE-4702-BD12-84BD22BAE4B8}.Debug|Any CPU.ActiveCfg = Debug|Any CPU
		{A6B2FC93-7FBE-4702-BD12-84BD22BAE4B8}.Debug|Any CPU.Build.0 = Debug|Any CPU
		{A6B2FC93-7FBE-4702-BD12-84BD22BAE4B8}.Release|Any CPU.ActiveCfg = Release|Any CPU
		{A6B2FC93-7FBE-4702-BD12-84BD22BAE4B8}.Release|Any CPU.Build.0 = Release|Any CPU
		{88CBDBD3-245F-470D-B42D-2CA31DF533EC}.Debug|Any CPU.ActiveCfg = Debug|Any CPU
		{88CBDBD3-245F-470D-B42D-2CA31DF533EC}.Debug|Any CPU.Build.0 = Debug|Any CPU
		{88CBDBD3-245F-470D-B42D-2CA31DF533EC}.Release|Any CPU.ActiveCfg = Release|Any CPU
		{88CBDBD3-245F-470D-B42D-2CA31DF533EC}.Release|Any CPU.Build.0 = Release|Any CPU
		{20A4A0CC-26D2-4BC8-AA5D-103A0FAC4C40}.Debug|Any CPU.ActiveCfg = Debug|Any CPU
		{20A4A0CC-26D2-4BC8-AA5D-103A0FAC4C40}.Debug|Any CPU.Build.0 = Debug|Any CPU
		{20A4A0CC-26D2-4BC8-AA5D-103A0FAC4C40}.Release|Any CPU.ActiveCfg = Release|Any CPU
		{20A4A0CC-26D2-4BC8-AA5D-103A0FAC4C40}.Release|Any CPU.Build.0 = Release|Any CPU
		{2AD3C5A6-2FC3-4750-8EEB-21B5CB97B650}.Debug|Any CPU.ActiveCfg = Debug|Any CPU
		{2AD3C5A6-2FC3-4750-8EEB-21B5CB97B650}.Debug|Any CPU.Build.0 = Debug|Any CPU
		{2AD3C5A6-2FC3-4750-8EEB-21B5CB97B650}.Release|Any CPU.ActiveCfg = Release|Any CPU
		{2AD3C5A6-2FC3-4750-8EEB-21B5CB97B650}.Release|Any CPU.Build.0 = Release|Any CPU
		{B1327941-A68C-4206-89E0-FA3F71BD56F4}.Debug|Any CPU.ActiveCfg = Debug|Any CPU
		{B1327941-A68C-4206-89E0-FA3F71BD56F4}.Debug|Any CPU.Build.0 = Debug|Any CPU
		{B1327941-A68C-4206-89E0-FA3F71BD56F4}.Release|Any CPU.ActiveCfg = Release|Any CPU
		{B1327941-A68C-4206-89E0-FA3F71BD56F4}.Release|Any CPU.Build.0 = Release|Any CPU
		{64685A1D-D421-47F8-B4BA-6ED82DAB2368}.Debug|Any CPU.ActiveCfg = Debug|Any CPU
		{64685A1D-D421-47F8-B4BA-6ED82DAB2368}.Debug|Any CPU.Build.0 = Debug|Any CPU
		{64685A1D-D421-47F8-B4BA-6ED82DAB2368}.Release|Any CPU.ActiveCfg = Release|Any CPU
		{64685A1D-D421-47F8-B4BA-6ED82DAB2368}.Release|Any CPU.Build.0 = Release|Any CPU
		{2BC8AD7C-B6A7-40A4-97AB-F7DB6F74C88F}.Debug|Any CPU.ActiveCfg = Debug|Any CPU
		{2BC8AD7C-B6A7-40A4-97AB-F7DB6F74C88F}.Debug|Any CPU.Build.0 = Debug|Any CPU
		{2BC8AD7C-B6A7-40A4-97AB-F7DB6F74C88F}.Release|Any CPU.ActiveCfg = Release|Any CPU
		{2BC8AD7C-B6A7-40A4-97AB-F7DB6F74C88F}.Release|Any CPU.Build.0 = Release|Any CPU
		{AC25BB0E-D01B-4456-B456-A185AB3FCCA5}.Debug|Any CPU.ActiveCfg = Debug|Any CPU
		{AC25BB0E-D01B-4456-B456-A185AB3FCCA5}.Debug|Any CPU.Build.0 = Debug|Any CPU
		{AC25BB0E-D01B-4456-B456-A185AB3FCCA5}.Release|Any CPU.ActiveCfg = Release|Any CPU
		{AC25BB0E-D01B-4456-B456-A185AB3FCCA5}.Release|Any CPU.Build.0 = Release|Any CPU
		{7694F3BB-19DD-4DC5-8852-2AEF027D374C}.Debug|Any CPU.ActiveCfg = Debug|Any CPU
		{7694F3BB-19DD-4DC5-8852-2AEF027D374C}.Debug|Any CPU.Build.0 = Debug|Any CPU
		{7694F3BB-19DD-4DC5-8852-2AEF027D374C}.Release|Any CPU.ActiveCfg = Release|Any CPU
		{7694F3BB-19DD-4DC5-8852-2AEF027D374C}.Release|Any CPU.Build.0 = Release|Any CPU
		{443E3D97-A70B-455F-A0E0-E4AD7EFD4BB4}.Debug|Any CPU.ActiveCfg = Debug|Any CPU
		{443E3D97-A70B-455F-A0E0-E4AD7EFD4BB4}.Debug|Any CPU.Build.0 = Debug|Any CPU
		{443E3D97-A70B-455F-A0E0-E4AD7EFD4BB4}.Release|Any CPU.ActiveCfg = Release|Any CPU
		{443E3D97-A70B-455F-A0E0-E4AD7EFD4BB4}.Release|Any CPU.Build.0 = Release|Any CPU
		{955D7C1E-6C80-4162-921A-F69757CA2431}.Debug|Any CPU.ActiveCfg = Debug|Any CPU
		{955D7C1E-6C80-4162-921A-F69757CA2431}.Debug|Any CPU.Build.0 = Debug|Any CPU
		{955D7C1E-6C80-4162-921A-F69757CA2431}.Release|Any CPU.ActiveCfg = Release|Any CPU
		{955D7C1E-6C80-4162-921A-F69757CA2431}.Release|Any CPU.Build.0 = Release|Any CPU
		{C24A8213-1614-47A5-9494-F224C256AC31}.Debug|Any CPU.ActiveCfg = Debug|Any CPU
		{C24A8213-1614-47A5-9494-F224C256AC31}.Debug|Any CPU.Build.0 = Debug|Any CPU
		{C24A8213-1614-47A5-9494-F224C256AC31}.Release|Any CPU.ActiveCfg = Release|Any CPU
		{C24A8213-1614-47A5-9494-F224C256AC31}.Release|Any CPU.Build.0 = Release|Any CPU
		{F58A9F08-7BF4-41F8-817E-66284B2252D9}.Debug|Any CPU.ActiveCfg = Debug|Any CPU
		{F58A9F08-7BF4-41F8-817E-66284B2252D9}.Debug|Any CPU.Build.0 = Debug|Any CPU
		{F58A9F08-7BF4-41F8-817E-66284B2252D9}.Release|Any CPU.ActiveCfg = Release|Any CPU
		{F58A9F08-7BF4-41F8-817E-66284B2252D9}.Release|Any CPU.Build.0 = Release|Any CPU
		{8D26AD97-67ED-4600-8035-C6983DA05008}.Debug|Any CPU.ActiveCfg = Debug|Any CPU
		{8D26AD97-67ED-4600-8035-C6983DA05008}.Debug|Any CPU.Build.0 = Debug|Any CPU
		{8D26AD97-67ED-4600-8035-C6983DA05008}.Release|Any CPU.ActiveCfg = Release|Any CPU
		{8D26AD97-67ED-4600-8035-C6983DA05008}.Release|Any CPU.Build.0 = Release|Any CPU
		{A2B8B5D1-198E-4BB7-A768-FE4AD374712E}.Debug|Any CPU.ActiveCfg = Debug|Any CPU
		{A2B8B5D1-198E-4BB7-A768-FE4AD374712E}.Debug|Any CPU.Build.0 = Debug|Any CPU
		{A2B8B5D1-198E-4BB7-A768-FE4AD374712E}.Release|Any CPU.ActiveCfg = Release|Any CPU
		{A2B8B5D1-198E-4BB7-A768-FE4AD374712E}.Release|Any CPU.Build.0 = Release|Any CPU
	EndGlobalSection
	GlobalSection(SolutionProperties) = preSolution
		HideSolutionNode = FALSE
	EndGlobalSection
	GlobalSection(NestedProjects) = preSolution
		{1B1E4929-1908-4923-82AF-2FC1A8CC25F8} = {52C42F4B-7BEE-449F-B0D7-CAD7E6D2562D}
		{3D782BC1-27B2-4068-B4D4-1D2571923500} = {CDFFD846-3C7D-4AC9-B5F4-5A4580D66540}
		{9C1816BE-BFC4-4F09-B574-895AAFA45113} = {A3A8C7B0-DC35-49B3-A453-32B4C1D6BE10}
		{A6B2FC93-7FBE-4702-BD12-84BD22BAE4B8} = {C107A507-2A99-4563-B49D-F4C336493C95}
		{88CBDBD3-245F-470D-B42D-2CA31DF533EC} = {C107A507-2A99-4563-B49D-F4C336493C95}
		{20A4A0CC-26D2-4BC8-AA5D-103A0FAC4C40} = {C107A507-2A99-4563-B49D-F4C336493C95}
		{2AD3C5A6-2FC3-4750-8EEB-21B5CB97B650} = {2C954826-1EE8-48C1-9BF9-0FD66D200E61}
		{B1327941-A68C-4206-89E0-FA3F71BD56F4} = {2C954826-1EE8-48C1-9BF9-0FD66D200E61}
		{64685A1D-D421-47F8-B4BA-6ED82DAB2368} = {88364EE2-0105-4F27-9BA7-E859AB8DB9AA}
		{2BC8AD7C-B6A7-40A4-97AB-F7DB6F74C88F} = {52C42F4B-7BEE-449F-B0D7-CAD7E6D2562D}
		{AC25BB0E-D01B-4456-B456-A185AB3FCCA5} = {2C954826-1EE8-48C1-9BF9-0FD66D200E61}
		{7694F3BB-19DD-4DC5-8852-2AEF027D374C} = {52C42F4B-7BEE-449F-B0D7-CAD7E6D2562D}
		{443E3D97-A70B-455F-A0E0-E4AD7EFD4BB4} = {C107A507-2A99-4563-B49D-F4C336493C95}
		{955D7C1E-6C80-4162-921A-F69757CA2431} = {2C954826-1EE8-48C1-9BF9-0FD66D200E61}
		{C24A8213-1614-47A5-9494-F224C256AC31} = {CDFFD846-3C7D-4AC9-B5F4-5A4580D66540}
		{F58A9F08-7BF4-41F8-817E-66284B2252D9} = {A3A8C7B0-DC35-49B3-A453-32B4C1D6BE10}
		{2C954826-1EE8-48C1-9BF9-0FD66D200E61} = {52C42F4B-7BEE-449F-B0D7-CAD7E6D2562D}
		{C107A507-2A99-4563-B49D-F4C336493C95} = {88364EE2-0105-4F27-9BA7-E859AB8DB9AA}
		{CDFFD846-3C7D-4AC9-B5F4-5A4580D66540} = {88364EE2-0105-4F27-9BA7-E859AB8DB9AA}
		{A3A8C7B0-DC35-49B3-A453-32B4C1D6BE10} = {52C42F4B-7BEE-449F-B0D7-CAD7E6D2562D}
		{8D26AD97-67ED-4600-8035-C6983DA05008} = {CDFFD846-3C7D-4AC9-B5F4-5A4580D66540}
		{A2B8B5D1-198E-4BB7-A768-FE4AD374712E} = {A3A8C7B0-DC35-49B3-A453-32B4C1D6BE10}
		{EC4CCD07-7503-432B-AF00-95ABCE5C9062} = {88364EE2-0105-4F27-9BA7-E859AB8DB9AA}
	EndGlobalSection
	GlobalSection(ExtensibilityGlobals) = postSolution
		SolutionGuid = {DF74DDB4-21CF-4E68-BC2E-F79540A7FDF4}
	EndGlobalSection
EndGlobal
