
Microsoft Visual Studio Solution File, Format Version 12.00
# Visual Studio Version 16
VisualStudioVersion = 16.0.31613.86
MinimumVisualStudioVersion = 10.0.40219.1
Project("{9A19103F-16F7-4668-BE54-9A1E7A4F7556}") = "Graph.Elements", "Graph.Elements\Graph.Elements.csproj", "{FD491C04-A3D5-4ADC-A905-C6100F42F654}"
EndProject
Project("{2150E333-8FDC-42A3-9474-1A3956D46DE8}") = "Elements", "Elements", "{332EBEC4-26CD-40CD-9BB4-E030A5D8C133}"
EndProject
Project("{9A19103F-16F7-4668-BE54-9A1E7A4F7556}") = "Graph.Elements.Test", "Graph.Elements.Test\Graph.Elements.Test.csproj", "{D6C8CD53-CF9C-453A-B7E0-8D440FAE3218}"
EndProject
Project("{2150E333-8FDC-42A3-9474-1A3956D46DE8}") = "ConcurrentCollections", "ConcurrentCollections", "{EC9BEC91-B948-4E17-AB67-FBD60AA0D8D2}"
EndProject
Project("{9A19103F-16F7-4668-BE54-9A1E7A4F7556}") = "Graph.ConcurrentCollections", "Graph.ConcurrentCollections\Graph.ConcurrentCollections.csproj", "{BFC19937-0344-434F-96AF-1485893404CF}"
EndProject
Project("{9A19103F-16F7-4668-BE54-9A1E7A4F7556}") = "Graph.ConcurrentCollections.Tests", "Graph.ConcurrentCollections.Tests\Graph.ConcurrentCollections.Tests.csproj", "{49A929BE-21B0-4831-92EC-356BE4DE66EC}"
EndProject
Project("{2150E333-8FDC-42A3-9474-1A3956D46DE8}") = "Solution Items", "Solution Items", "{FAC24469-F178-48D8-8914-D90B386BD226}"
	ProjectSection(SolutionItems) = preProject
		.editorconfig = .editorconfig
		..\README.md = ..\README.md
	EndProjectSection
EndProject
Project("{2150E333-8FDC-42A3-9474-1A3956D46DE8}") = "src", "src", "{88364EE2-0105-4F27-9BA7-E859AB8DB9AA}"
EndProject
Project("{FAE04EC0-301F-11D3-BF4B-00C04F79EFBC}") = "JsonExperiments", "JsonExperiments\JsonExperiments.csproj", "{1B1E4929-1908-4923-82AF-2FC1A8CC25F8}"
EndProject
Global
	GlobalSection(SolutionConfigurationPlatforms) = preSolution
		Debug|Any CPU = Debug|Any CPU
		Release|Any CPU = Release|Any CPU
	EndGlobalSection
	GlobalSection(ProjectConfigurationPlatforms) = postSolution
		{FD491C04-A3D5-4ADC-A905-C6100F42F654}.Debug|Any CPU.ActiveCfg = Debug|Any CPU
		{FD491C04-A3D5-4ADC-A905-C6100F42F654}.Debug|Any CPU.Build.0 = Debug|Any CPU
		{FD491C04-A3D5-4ADC-A905-C6100F42F654}.Release|Any CPU.ActiveCfg = Release|Any CPU
		{FD491C04-A3D5-4ADC-A905-C6100F42F654}.Release|Any CPU.Build.0 = Release|Any CPU
		{D6C8CD53-CF9C-453A-B7E0-8D440FAE3218}.Debug|Any CPU.ActiveCfg = Debug|Any CPU
		{D6C8CD53-CF9C-453A-B7E0-8D440FAE3218}.Debug|Any CPU.Build.0 = Debug|Any CPU
		{D6C8CD53-CF9C-453A-B7E0-8D440FAE3218}.Release|Any CPU.ActiveCfg = Release|Any CPU
		{D6C8CD53-CF9C-453A-B7E0-8D440FAE3218}.Release|Any CPU.Build.0 = Release|Any CPU
		{BFC19937-0344-434F-96AF-1485893404CF}.Debug|Any CPU.ActiveCfg = Debug|Any CPU
		{BFC19937-0344-434F-96AF-1485893404CF}.Debug|Any CPU.Build.0 = Debug|Any CPU
		{BFC19937-0344-434F-96AF-1485893404CF}.Release|Any CPU.ActiveCfg = Release|Any CPU
		{BFC19937-0344-434F-96AF-1485893404CF}.Release|Any CPU.Build.0 = Release|Any CPU
		{49A929BE-21B0-4831-92EC-356BE4DE66EC}.Debug|Any CPU.ActiveCfg = Debug|Any CPU
		{49A929BE-21B0-4831-92EC-356BE4DE66EC}.Debug|Any CPU.Build.0 = Debug|Any CPU
		{49A929BE-21B0-4831-92EC-356BE4DE66EC}.Release|Any CPU.ActiveCfg = Release|Any CPU
		{49A929BE-21B0-4831-92EC-356BE4DE66EC}.Release|Any CPU.Build.0 = Release|Any CPU
		{1B1E4929-1908-4923-82AF-2FC1A8CC25F8}.Debug|Any CPU.ActiveCfg = Debug|Any CPU
		{1B1E4929-1908-4923-82AF-2FC1A8CC25F8}.Debug|Any CPU.Build.0 = Debug|Any CPU
		{1B1E4929-1908-4923-82AF-2FC1A8CC25F8}.Release|Any CPU.ActiveCfg = Release|Any CPU
		{1B1E4929-1908-4923-82AF-2FC1A8CC25F8}.Release|Any CPU.Build.0 = Release|Any CPU
	EndGlobalSection
	GlobalSection(SolutionProperties) = preSolution
		HideSolutionNode = FALSE
	EndGlobalSection
	GlobalSection(NestedProjects) = preSolution
		{FD491C04-A3D5-4ADC-A905-C6100F42F654} = {332EBEC4-26CD-40CD-9BB4-E030A5D8C133}
		{332EBEC4-26CD-40CD-9BB4-E030A5D8C133} = {88364EE2-0105-4F27-9BA7-E859AB8DB9AA}
		{D6C8CD53-CF9C-453A-B7E0-8D440FAE3218} = {332EBEC4-26CD-40CD-9BB4-E030A5D8C133}
		{EC9BEC91-B948-4E17-AB67-FBD60AA0D8D2} = {88364EE2-0105-4F27-9BA7-E859AB8DB9AA}
		{BFC19937-0344-434F-96AF-1485893404CF} = {EC9BEC91-B948-4E17-AB67-FBD60AA0D8D2}
		{49A929BE-21B0-4831-92EC-356BE4DE66EC} = {EC9BEC91-B948-4E17-AB67-FBD60AA0D8D2}
		{1B1E4929-1908-4923-82AF-2FC1A8CC25F8} = {332EBEC4-26CD-40CD-9BB4-E030A5D8C133}
	EndGlobalSection
	GlobalSection(ExtensibilityGlobals) = postSolution
		SolutionGuid = {DF74DDB4-21CF-4E68-BC2E-F79540A7FDF4}
	EndGlobalSection
EndGlobal
